
Microsoft Visual Studio Solution File, Format Version 12.00
# Visual Studio 14
VisualStudioVersion = 14.0.25420.1
MinimumVisualStudioVersion = 10.0.40219.1
Project("{8BC9CEB8-8B4A-11D0-8D11-00A0C91BC942}") = "3.16", "3.16\3.16.vcxproj", "{C97CCA57-5123-498A-8819-808E424B8E70}"
EndProject
Project("{8BC9CEB8-8B4A-11D0-8D11-00A0C91BC942}") = "2.24", "2.24\2.24.vcxproj", "{D3B49E8C-92D0-4037-A519-385CF4B06D8B}"
EndProject
Project("{8BC9CEB8-8B4A-11D0-8D11-00A0C91BC942}") = "4.19", "4.19\4.19.vcxproj", "{7B54561A-0C00-470E-B8E7-EAFCA305FABD}"
EndProject
Project("{8BC9CEB8-8B4A-11D0-8D11-00A0C91BC942}") = "5.4", "5.4\5.4.vcxproj", "{3452FD61-147B-49DD-9615-933E5A1233CF}"
EndProject
Project("{8BC9CEB8-8B4A-11D0-8D11-00A0C91BC942}") = "4.16", "4.16\4.16.vcxproj", "{8B454D38-C032-4664-B804-9A2CA0C8442F}"
EndProject
Global
	GlobalSection(SolutionConfigurationPlatforms) = preSolution
		Debug|x64 = Debug|x64
		Debug|x86 = Debug|x86
		Release|x64 = Release|x64
		Release|x86 = Release|x86
	EndGlobalSection
	GlobalSection(ProjectConfigurationPlatforms) = postSolution
		{C97CCA57-5123-498A-8819-808E424B8E70}.Debug|x64.ActiveCfg = Debug|x64
		{C97CCA57-5123-498A-8819-808E424B8E70}.Debug|x64.Build.0 = Debug|x64
		{C97CCA57-5123-498A-8819-808E424B8E70}.Debug|x86.ActiveCfg = Debug|Win32
		{C97CCA57-5123-498A-8819-808E424B8E70}.Debug|x86.Build.0 = Debug|Win32
		{C97CCA57-5123-498A-8819-808E424B8E70}.Release|x64.ActiveCfg = Release|x64
		{C97CCA57-5123-498A-8819-808E424B8E70}.Release|x64.Build.0 = Release|x64
		{C97CCA57-5123-498A-8819-808E424B8E70}.Release|x86.ActiveCfg = Release|Win32
		{C97CCA57-5123-498A-8819-808E424B8E70}.Release|x86.Build.0 = Release|Win32
		{D3B49E8C-92D0-4037-A519-385CF4B06D8B}.Debug|x64.ActiveCfg = Debug|x64
		{D3B49E8C-92D0-4037-A519-385CF4B06D8B}.Debug|x64.Build.0 = Debug|x64
		{D3B49E8C-92D0-4037-A519-385CF4B06D8B}.Debug|x86.ActiveCfg = Debug|Win32
		{D3B49E8C-92D0-4037-A519-385CF4B06D8B}.Debug|x86.Build.0 = Debug|Win32
		{D3B49E8C-92D0-4037-A519-385CF4B06D8B}.Release|x64.ActiveCfg = Release|x64
		{D3B49E8C-92D0-4037-A519-385CF4B06D8B}.Release|x64.Build.0 = Release|x64
		{D3B49E8C-92D0-4037-A519-385CF4B06D8B}.Release|x86.ActiveCfg = Release|Win32
		{D3B49E8C-92D0-4037-A519-385CF4B06D8B}.Release|x86.Build.0 = Release|Win32
		{7B54561A-0C00-470E-B8E7-EAFCA305FABD}.Debug|x64.ActiveCfg = Debug|x64
		{7B54561A-0C00-470E-B8E7-EAFCA305FABD}.Debug|x64.Build.0 = Debug|x64
		{7B54561A-0C00-470E-B8E7-EAFCA305FABD}.Debug|x86.ActiveCfg = Debug|Win32
		{7B54561A-0C00-470E-B8E7-EAFCA305FABD}.Debug|x86.Build.0 = Debug|Win32
		{7B54561A-0C00-470E-B8E7-EAFCA305FABD}.Release|x64.ActiveCfg = Release|x64
		{7B54561A-0C00-470E-B8E7-EAFCA305FABD}.Release|x64.Build.0 = Release|x64
		{7B54561A-0C00-470E-B8E7-EAFCA305FABD}.Release|x86.ActiveCfg = Release|Win32
		{7B54561A-0C00-470E-B8E7-EAFCA305FABD}.Release|x86.Build.0 = Release|Win32
		{3452FD61-147B-49DD-9615-933E5A1233CF}.Debug|x64.ActiveCfg = Debug|x64
		{3452FD61-147B-49DD-9615-933E5A1233CF}.Debug|x64.Build.0 = Debug|x64
		{3452FD61-147B-49DD-9615-933E5A1233CF}.Debug|x86.ActiveCfg = Debug|Win32
		{3452FD61-147B-49DD-9615-933E5A1233CF}.Debug|x86.Build.0 = Debug|Win32
		{3452FD61-147B-49DD-9615-933E5A1233CF}.Release|x64.ActiveCfg = Release|x64
		{3452FD61-147B-49DD-9615-933E5A1233CF}.Release|x64.Build.0 = Release|x64
		{3452FD61-147B-49DD-9615-933E5A1233CF}.Release|x86.ActiveCfg = Release|Win32
		{3452FD61-147B-49DD-9615-933E5A1233CF}.Release|x86.Build.0 = Release|Win32
		{8B454D38-C032-4664-B804-9A2CA0C8442F}.Debug|x64.ActiveCfg = Debug|x64
		{8B454D38-C032-4664-B804-9A2CA0C8442F}.Debug|x64.Build.0 = Debug|x64
		{8B454D38-C032-4664-B804-9A2CA0C8442F}.Debug|x86.ActiveCfg = Debug|Win32
		{8B454D38-C032-4664-B804-9A2CA0C8442F}.Debug|x86.Build.0 = Debug|Win32
		{8B454D38-C032-4664-B804-9A2CA0C8442F}.Release|x64.ActiveCfg = Release|x64
		{8B454D38-C032-4664-B804-9A2CA0C8442F}.Release|x64.Build.0 = Release|x64
		{8B454D38-C032-4664-B804-9A2CA0C8442F}.Release|x86.ActiveCfg = Release|Win32
		{8B454D38-C032-4664-B804-9A2CA0C8442F}.Release|x86.Build.0 = Release|Win32
	EndGlobalSection
	GlobalSection(SolutionProperties) = preSolution
		HideSolutionNode = FALSE
	EndGlobalSection
EndGlobal
